
Microsoft Visual Studio Solution File, Format Version 12.00
# Visual Studio Version 17
VisualStudioVersion = 17.11.35219.272
MinimumVisualStudioVersion = 10.0.40219.1
Project("{FAE04EC0-301F-11D3-BF4B-00C04F79EFBC}") = "Admin Application", "Admin Application.csproj", "{7D16E9CD-23DB-463A-B1CE-FDF0C92FD593}"
EndProject
Project("{FAE04EC0-301F-11D3-BF4B-00C04F79EFBC}") = "Employee Application", "..\Employee Application\Employee Application.csproj", "{B2D64C2B-DCB8-42BB-8097-C40CD6FEC249}"
EndProject
Global
	GlobalSection(SolutionConfigurationPlatforms) = preSolution
		Debug|Any CPU = Debug|Any CPU
		Release|Any CPU = Release|Any CPU
	EndGlobalSection
	GlobalSection(ProjectConfigurationPlatforms) = postSolution
		{7D16E9CD-23DB-463A-B1CE-FDF0C92FD593}.Debug|Any CPU.ActiveCfg = Debug|Any CPU
		{7D16E9CD-23DB-463A-B1CE-FDF0C92FD593}.Debug|Any CPU.Build.0 = Debug|Any CPU
		{7D16E9CD-23DB-463A-B1CE-FDF0C92FD593}.Release|Any CPU.ActiveCfg = Release|Any CPU
		{7D16E9CD-23DB-463A-B1CE-FDF0C92FD593}.Release|Any CPU.Build.0 = Release|Any CPU
		{B2D64C2B-DCB8-42BB-8097-C40CD6FEC249}.Debug|Any CPU.ActiveCfg = Debug|Any CPU
		{B2D64C2B-DCB8-42BB-8097-C40CD6FEC249}.Debug|Any CPU.Build.0 = Debug|Any CPU
		{B2D64C2B-DCB8-42BB-8097-C40CD6FEC249}.Release|Any CPU.ActiveCfg = Release|Any CPU
		{B2D64C2B-DCB8-42BB-8097-C40CD6FEC249}.Release|Any CPU.Build.0 = Release|Any CPU
	EndGlobalSection
	GlobalSection(SolutionProperties) = preSolution
		HideSolutionNode = FALSE
	EndGlobalSection
	GlobalSection(ExtensibilityGlobals) = postSolution
		SolutionGuid = {954DE3F8-0169-47C1-BDA6-5F4CCF06EB0E}
	EndGlobalSection
EndGlobal
